
Microsoft Visual Studio Solution File, Format Version 12.00
# Visual Studio Version 17
VisualStudioVersion = 17.14.36414.22 d17.14
MinimumVisualStudioVersion = 10.0.40219.1
Project("{FAE04EC0-301F-11D3-BF4B-00C04F79EFBC}") = "23WebC_Nhom4_TW02", "23WebC_Nhom4_TW02.csproj", "{9578F8D2-CF00-9715-EEB4-485B74AE6E6D}"
EndProject
Global
	GlobalSection(SolutionConfigurationPlatforms) = preSolution
		Debug|Any CPU = Debug|Any CPU
		Release|Any CPU = Release|Any CPU
	EndGlobalSection
	GlobalSection(ProjectConfigurationPlatforms) = postSolution
		{9578F8D2-CF00-9715-EEB4-485B74AE6E6D}.Debug|Any CPU.ActiveCfg = Debug|Any CPU
		{9578F8D2-CF00-9715-EEB4-485B74AE6E6D}.Debug|Any CPU.Build.0 = Debug|Any CPU
		{9578F8D2-CF00-9715-EEB4-485B74AE6E6D}.Release|Any CPU.ActiveCfg = Release|Any CPU
		{9578F8D2-CF00-9715-EEB4-485B74AE6E6D}.Release|Any CPU.Build.0 = Release|Any CPU
	EndGlobalSection
	GlobalSection(SolutionProperties) = preSolution
		HideSolutionNode = FALSE
	EndGlobalSection
	GlobalSection(ExtensibilityGlobals) = postSolution
		SolutionGuid = {975CCE27-C439-4EED-B8BE-BA04FC2D1543}
	EndGlobalSection
EndGlobal
