
Microsoft Visual Studio Solution File, Format Version 12.00
# Visual Studio Version 17
VisualStudioVersion = 17.14.36414.22 d17.14
MinimumVisualStudioVersion = 10.0.40219.1
Project("{FAE04EC0-301F-11D3-BF4B-00C04F79EFBC}") = "23WebC_Nhom4_TW02", "23WebC_Nhom4_TW02\23WebC_Nhom4_TW02.csproj", "{8631E17F-C19C-424D-BE0C-C2155E7AB7BE}"
EndProject
Global
	GlobalSection(SolutionConfigurationPlatforms) = preSolution
		Debug|Any CPU = Debug|Any CPU
		Release|Any CPU = Release|Any CPU
	EndGlobalSection
	GlobalSection(ProjectConfigurationPlatforms) = postSolution
		{8631E17F-C19C-424D-BE0C-C2155E7AB7BE}.Debug|Any CPU.ActiveCfg = Debug|Any CPU
		{8631E17F-C19C-424D-BE0C-C2155E7AB7BE}.Debug|Any CPU.Build.0 = Debug|Any CPU
		{8631E17F-C19C-424D-BE0C-C2155E7AB7BE}.Release|Any CPU.ActiveCfg = Release|Any CPU
		{8631E17F-C19C-424D-BE0C-C2155E7AB7BE}.Release|Any CPU.Build.0 = Release|Any CPU
	EndGlobalSection
	GlobalSection(SolutionProperties) = preSolution
		HideSolutionNode = FALSE
	EndGlobalSection
	GlobalSection(ExtensibilityGlobals) = postSolution
		SolutionGuid = {1DE39BBB-7ABF-4CF1-858F-31A55D3530DA}
	EndGlobalSection
EndGlobal
